
Microsoft Visual Studio Solution File, Format Version 12.00
# Visual Studio Version 16
VisualStudioVersion = 16.0.29728.190
MinimumVisualStudioVersion = 10.0.40219.1
Project("{8BC9CEB8-8B4A-11D0-8D11-00A0C91BC942}") = "uwpdll", "uwp.vcxproj", "{85F004D9-AD96-47FE-8FE5-1B5BF85A4A2E}"
EndProject
Project("{8BC9CEB8-8B4A-11D0-8D11-00A0C91BC942}") = "test", "test.vcxproj", "{5441C64A-B553-4553-8CBF-BB008CB01632}"
	ProjectSection(ProjectDependencies) = postProject
		{85F004D9-AD96-47FE-8FE5-1B5BF85A4A2E} = {85F004D9-AD96-47FE-8FE5-1B5BF85A4A2E}
	EndProjectSection
EndProject
Global
	GlobalSection(SolutionConfigurationPlatforms) = preSolution
		Debug|x64 = Debug|x64
		Debug|x86 = Debug|x86
		Release|x64 = Release|x64
		Release|x86 = Release|x86
	EndGlobalSection
	GlobalSection(ProjectConfigurationPlatforms) = postSolution
		{85F004D9-AD96-47FE-8FE5-1B5BF85A4A2E}.Debug|x64.ActiveCfg = Debug|x64
		{85F004D9-AD96-47FE-8FE5-1B5BF85A4A2E}.Debug|x64.Build.0 = Debug|x64
		{85F004D9-AD96-47FE-8FE5-1B5BF85A4A2E}.Debug|x86.ActiveCfg = Debug|Win32
		{85F004D9-AD96-47FE-8FE5-1B5BF85A4A2E}.Debug|x86.Build.0 = Debug|Win32
		{85F004D9-AD96-47FE-8FE5-1B5BF85A4A2E}.Release|x64.ActiveCfg = Release|x64
		{85F004D9-AD96-47FE-8FE5-1B5BF85A4A2E}.Release|x64.Build.0 = Release|x64
		{85F004D9-AD96-47FE-8FE5-1B5BF85A4A2E}.Release|x86.ActiveCfg = Release|Win32
		{85F004D9-AD96-47FE-8FE5-1B5BF85A4A2E}.Release|x86.Build.0 = Release|Win32
		{5441C64A-B553-4553-8CBF-BB008CB01632}.Debug|x64.ActiveCfg = Debug|x64
		{5441C64A-B553-4553-8CBF-BB008CB01632}.Debug|x64.Build.0 = Debug|x64
		{5441C64A-B553-4553-8CBF-BB008CB01632}.Debug|x86.ActiveCfg = Debug|Win32
		{5441C64A-B553-4553-8CBF-BB008CB01632}.Debug|x86.Build.0 = Debug|Win32
		{5441C64A-B553-4553-8CBF-BB008CB01632}.Release|x64.ActiveCfg = Release|x64
		{5441C64A-B553-4553-8CBF-BB008CB01632}.Release|x64.Build.0 = Release|x64
		{5441C64A-B553-4553-8CBF-BB008CB01632}.Release|x86.ActiveCfg = Release|Win32
		{5441C64A-B553-4553-8CBF-BB008CB01632}.Release|x86.Build.0 = Release|Win32
	EndGlobalSection
	GlobalSection(SolutionProperties) = preSolution
		HideSolutionNode = FALSE
	EndGlobalSection
	GlobalSection(ExtensibilityGlobals) = postSolution
		SolutionGuid = {597021BB-4028-47E9-B0B4-B74C1022D753}
	EndGlobalSection
EndGlobal
